
Microsoft Visual Studio Solution File, Format Version 11.00
# Visual Studio 2010
Project("{FAE04EC0-301F-11D3-BF4B-00C04F79EFBC}") = "CoT Simulator", "CoT Simulator\CoT Simulator.csproj", "{BEF287D5-232D-4634-8420-655B7C403764}"
EndProject
Global
	GlobalSection(SolutionConfigurationPlatforms) = preSolution
		Debug|x86 = Debug|x86
		Release|x86 = Release|x86
	EndGlobalSection
	GlobalSection(ProjectConfigurationPlatforms) = postSolution
		{BEF287D5-232D-4634-8420-655B7C403764}.Debug|x86.ActiveCfg = Debug|x86
		{BEF287D5-232D-4634-8420-655B7C403764}.Debug|x86.Build.0 = Debug|x86
		{BEF287D5-232D-4634-8420-655B7C403764}.Release|x86.ActiveCfg = Release|x86
		{BEF287D5-232D-4634-8420-655B7C403764}.Release|x86.Build.0 = Release|x86
	EndGlobalSection
	GlobalSection(SolutionProperties) = preSolution
		HideSolutionNode = FALSE
	EndGlobalSection
EndGlobal
